
Microsoft Visual Studio Solution File, Format Version 12.00
# Visual Studio Version 16
VisualStudioVersion = 16.0.30907.101
MinimumVisualStudioVersion = 10.0.40219.1
Project("{FAE04EC0-301F-11D3-BF4B-00C04F79EFBC}") = "EverNoteClone", "EverNoteClone.csproj", "{4ED49180-92AC-4386-A734-99E79EF1583F}"
EndProject
Global
	GlobalSection(SolutionConfigurationPlatforms) = preSolution
		Debug|Any CPU = Debug|Any CPU
		Release|Any CPU = Release|Any CPU
	EndGlobalSection
	GlobalSection(ProjectConfigurationPlatforms) = postSolution
		{4ED49180-92AC-4386-A734-99E79EF1583F}.Debug|Any CPU.ActiveCfg = Debug|Any CPU
		{4ED49180-92AC-4386-A734-99E79EF1583F}.Debug|Any CPU.Build.0 = Debug|Any CPU
		{4ED49180-92AC-4386-A734-99E79EF1583F}.Release|Any CPU.ActiveCfg = Release|Any CPU
		{4ED49180-92AC-4386-A734-99E79EF1583F}.Release|Any CPU.Build.0 = Release|Any CPU
	EndGlobalSection
	GlobalSection(SolutionProperties) = preSolution
		HideSolutionNode = FALSE
	EndGlobalSection
	GlobalSection(ExtensibilityGlobals) = postSolution
		SolutionGuid = {8D85F8C0-9E56-4906-92EF-2F4B6A16BEF7}
	EndGlobalSection
EndGlobal
